
Microsoft Visual Studio Solution File, Format Version 12.00
# Visual Studio Version 16
VisualStudioVersion = 16.0.29920.165
MinimumVisualStudioVersion = 10.0.40219.1
Project("{F2A71F9B-5D33-465A-A702-920D77279786}") = "AttireTracker", "AttireTracker\AttireTracker.fsproj", "{34EA0610-7B3B-4E38-996D-82DBF9D4ACDA}"
EndProject
Global
	GlobalSection(SolutionConfigurationPlatforms) = preSolution
		Debug|Any CPU = Debug|Any CPU
		Release|Any CPU = Release|Any CPU
	EndGlobalSection
	GlobalSection(ProjectConfigurationPlatforms) = postSolution
		{34EA0610-7B3B-4E38-996D-82DBF9D4ACDA}.Debug|Any CPU.ActiveCfg = Debug|Any CPU
		{34EA0610-7B3B-4E38-996D-82DBF9D4ACDA}.Debug|Any CPU.Build.0 = Debug|Any CPU
		{34EA0610-7B3B-4E38-996D-82DBF9D4ACDA}.Release|Any CPU.ActiveCfg = Release|Any CPU
		{34EA0610-7B3B-4E38-996D-82DBF9D4ACDA}.Release|Any CPU.Build.0 = Release|Any CPU
	EndGlobalSection
	GlobalSection(SolutionProperties) = preSolution
		HideSolutionNode = FALSE
	EndGlobalSection
	GlobalSection(ExtensibilityGlobals) = postSolution
		SolutionGuid = {3517F3A8-0463-4F69-A406-3FFC15E14004}
	EndGlobalSection
EndGlobal
